
Microsoft Visual Studio Solution File, Format Version 12.00
# Visual Studio 15
VisualStudioVersion = 15.0.27004.2008
MinimumVisualStudioVersion = 10.0.40219.1
Project("{FAE04EC0-301F-11D3-BF4B-00C04F79EFBC}") = "page1", "page1\page1.csproj", "{08BAA4F3-5469-44CC-97FD-45CFEF8651F6}"
EndProject
Global
	GlobalSection(SolutionConfigurationPlatforms) = preSolution
		Debug|Any CPU = Debug|Any CPU
		Release|Any CPU = Release|Any CPU
	EndGlobalSection
	GlobalSection(ProjectConfigurationPlatforms) = postSolution
		{08BAA4F3-5469-44CC-97FD-45CFEF8651F6}.Debug|Any CPU.ActiveCfg = Debug|Any CPU
		{08BAA4F3-5469-44CC-97FD-45CFEF8651F6}.Debug|Any CPU.Build.0 = Debug|Any CPU
		{08BAA4F3-5469-44CC-97FD-45CFEF8651F6}.Release|Any CPU.ActiveCfg = Release|Any CPU
		{08BAA4F3-5469-44CC-97FD-45CFEF8651F6}.Release|Any CPU.Build.0 = Release|Any CPU
	EndGlobalSection
	GlobalSection(SolutionProperties) = preSolution
		HideSolutionNode = FALSE
	EndGlobalSection
	GlobalSection(ExtensibilityGlobals) = postSolution
		SolutionGuid = {D94D51F0-9C4A-46AA-8DC8-4B25B17ECA55}
	EndGlobalSection
EndGlobal
